{
  "name": "@airmark/quiver",
  "version": "0.33.1-dev",
  "lockfileVersion": 3,
  "requires": true,
  "packages": {
    "": {
      "name": "@airmark/quiver",
      "version": "0.33.1-dev",
      "license": "Apache-2.0",
      "devDependencies": {
        "@quillmark/quiver": "0.31.0",
        "@quillmark/wasm": "^0.117.0",
        "quillkit": "0.11.0"
      },
      "engines": {
        "node": ">=24"
      }
    },
    "node_modules/@quillmark/quiver": {
      "version": "0.31.0",
      "resolved": "https://registry.npmjs.org/@quillmark/quiver/-/quiver-0.31.0.tgz",
      "integrity": "sha512-6j0c4Px+RyLpvIhFcUNd60mqKzMCaCjKZpinenju4Go7PcGVlgribDvgN/t58S5ks23i5UFlL7hp0DthNaKOEQ==",
      "dev": true,
      "license": "Apache-2.0",
      "dependencies": {
        "fflate": "^0.8.2",
        "yaml": "^2.8.3"
      },
      "engines": {
        "node": ">=24"
      },
      "peerDependencies": {
        "@quillmark/wasm": ">=0.117.0-0"
      }
    },
    "node_modules/@quillmark/wasm": {
      "version": "0.117.0",
      "resolved": "https://registry.npmjs.org/@quillmark/wasm/-/wasm-0.117.0.tgz",
      "integrity": "sha512-f+u/oroXXxPYPziXHg9lCVEJRrt68a9j6cARp7kvDhFD0Co1j8Qmcb2rf2KEFxW2YWIjfpSHa3MocDWYjHFQIA==",
      "dev": true,
      "license": "Apache-2.0",
      "engines": {
        "node": ">=24"
      }
    },
    "node_modules/fflate": {
      "version": "0.8.2",
      "resolved": "https://registry.npmjs.org/fflate/-/fflate-0.8.2.tgz",
      "integrity": "sha512-cPJU47OaAoCbg0pBvzsgpTPhmhqI5eJjh/JIu8tPj5q+T7iLvW/JAYUqmE7KOB4R1ZyEhzBaIQpQpardBF5z8A==",
      "dev": true,
      "license": "MIT"
    },
    "node_modules/quillkit": {
      "version": "0.11.0",
      "resolved": "https://registry.npmjs.org/quillkit/-/quillkit-0.11.0.tgz",
      "integrity": "sha512-G5J2FNkGCwclT8/k0o4zIxsRr6cYf44Cs5TGvoWT03DfdRrCTmI33IKInaSFyd+Ol0vGGieZdJSk/L1LzhTX+g==",
      "dev": true,
      "license": "Apache-2.0",
      "bin": {
        "quillkit": "dist/bin/quillkit.js"
      },
      "engines": {
        "node": ">=24"
      }
    },
    "node_modules/yaml": {
      "version": "2.8.3",
      "resolved": "https://registry.npmjs.org/yaml/-/yaml-2.8.3.tgz",
      "integrity": "sha512-AvbaCLOO2Otw/lW5bmh9d/WEdcDFdQp2Z2ZUH3pX9U2ihyUY0nvLv7J6TrWowklRGPYbB/IuIMfYgxaCPg5Bpg==",
      "dev": true,
      "license": "ISC",
      "bin": {
        "yaml": "bin.mjs"
      },
      "engines": {
        "node": ">= 14.6"
      },
      "funding": {
        "url": "https://github.com/sponsors/eemeli"
      }
    }
  }
}
