{
  "name": "@airmark/quiver",
  "version": "0.35.7-dev",
  "lockfileVersion": 3,
  "requires": true,
  "packages": {
    "": {
      "name": "@airmark/quiver",
      "version": "0.35.7-dev",
      "license": "Apache-2.0",
      "devDependencies": {
        "@quillmark/quiver": "0.34.0",
        "@quillmark/wasm": "^0.122.0",
        "quillkit": "0.14.0"
      },
      "engines": {
        "node": ">=24"
      }
    },
    "node_modules/@quillmark/quiver": {
      "version": "0.34.0",
      "resolved": "https://registry.npmjs.org/@quillmark/quiver/-/quiver-0.34.0.tgz",
      "integrity": "sha512-z08JKnQ8VdCa1+hGBH095yHOfqnzESh39u6LOyeyqerapVbN+UfuYnGVAigo2GYM9q/TNenC4n6jUw7ypbxlXw==",
      "dev": true,
      "license": "Apache-2.0",
      "dependencies": {
        "fflate": "^0.8.2",
        "yaml": "^2.8.3"
      },
      "engines": {
        "node": ">=24"
      },
      "peerDependencies": {
        "@quillmark/wasm": ">=0.122.0-0"
      }
    },
    "node_modules/@quillmark/wasm": {
      "version": "0.122.0",
      "resolved": "https://registry.npmjs.org/@quillmark/wasm/-/wasm-0.122.0.tgz",
      "integrity": "sha512-HvixEjCDi+mAJcYvKQCSqXuc5Tow3Pk8gN7/y/BLul1TvcoAWwMNXvJAYlW5vLbC/yzeTIZ7HBocQqQFWqubSA==",
      "dev": true,
      "license": "Apache-2.0",
      "engines": {
        "node": ">=24"
      }
    },
    "node_modules/fflate": {
      "version": "0.8.3",
      "resolved": "https://registry.npmjs.org/fflate/-/fflate-0.8.3.tgz",
      "integrity": "sha512-tbZNuJrLwGUp3zshBtdy4W+ORxZuIh8a5ilyIEQDC5rY1f3U20JMry0Ll3WBzU58EZKsEuJFXhb5gwv8CsPvgA==",
      "dev": true,
      "license": "MIT"
    },
    "node_modules/quillkit": {
      "version": "0.14.0",
      "resolved": "https://registry.npmjs.org/quillkit/-/quillkit-0.14.0.tgz",
      "integrity": "sha512-XsUxL/zq2jevfvr76ebxdgSWWQZS/3Zpk90R5esCQ93LMLMl9FMih5jV148Fp4HCEp/Wbo2MAujNVicA7CcTcA==",
      "dev": true,
      "license": "Apache-2.0",
      "bin": {
        "quillkit": "dist/bin/quillkit.js"
      },
      "engines": {
        "node": ">=24"
      }
    },
    "node_modules/yaml": {
      "version": "2.8.3",
      "resolved": "https://registry.npmjs.org/yaml/-/yaml-2.8.3.tgz",
      "integrity": "sha512-AvbaCLOO2Otw/lW5bmh9d/WEdcDFdQp2Z2ZUH3pX9U2ihyUY0nvLv7J6TrWowklRGPYbB/IuIMfYgxaCPg5Bpg==",
      "dev": true,
      "license": "ISC",
      "bin": {
        "yaml": "bin.mjs"
      },
      "engines": {
        "node": ">= 14.6"
      },
      "funding": {
        "url": "https://github.com/sponsors/eemeli"
      }
    }
  }
}
